// !$*UTF8*$!
{
	archiveVersion = 1;
	classes = {
	};
	objectVersion = 51;
	objects = {

/* Begin PBXBuildFile section */
		2B6F0BAA25FBF9B800F3E918 /* AppDelegate.swift in Sources */ = {isa = PBXBuildFile; fileRef = 2B6F0BA925FBF9B800F3E918 /* AppDelegate.swift */; };
		2B6F0BAC25FBF9B800F3E918 /* SceneDelegate.swift in Sources */ = {isa = PBXBuildFile; fileRef = 2B6F0BAB25FBF9B800F3E918 /* SceneDelegate.swift */; };
		2B6F0BB125FBF9B800F3E918 /* Main.storyboard in Resources */ = {isa = PBXBuildFile; fileRef = 2B6F0BAF25FBF9B800F3E918 /* Main.storyboard */; };
		2B6F0BB325FBF9B900F3E918 /* Assets.xcassets in Resources */ = {isa = PBXBuildFile; fileRef = 2B6F0BB225FBF9B900F3E918 /* Assets.xcassets */; };
		2B6F0BB625FBF9B900F3E918 /* LaunchScreen.storyboard in Resources */ = {isa = PBXBuildFile; fileRef = 2B6F0BB425FBF9B900F3E918 /* LaunchScreen.storyboard */; };
		2B6F0BC125FBF9B900F3E918 /* ParstagramTests.swift in Sources */ = {isa = PBXBuildFile; fileRef = 2B6F0BC025FBF9B900F3E918 /* ParstagramTests.swift */; };
		2B6F0BCC25FBF9B900F3E918 /* ParstagramUITests.swift in Sources */ = {isa = PBXBuildFile; fileRef = 2B6F0BCB25FBF9B900F3E918 /* ParstagramUITests.swift */; };
		2B96EF0A25FC3873005A176D /* PostCell.swift in Sources */ = {isa = PBXBuildFile; fileRef = 2B96EF0925FC3873005A176D /* PostCell.swift */; };
		2BDEA44025FBFE9C004C4A91 /* LoginViewController.swift in Sources */ = {isa = PBXBuildFile; fileRef = 2BDEA43F25FBFE9C004C4A91 /* LoginViewController.swift */; };
		2BDEA44525FBFEA7004C4A91 /* FeedViewController.swift in Sources */ = {isa = PBXBuildFile; fileRef = 2BDEA44425FBFEA7004C4A91 /* FeedViewController.swift */; };
		2BDEA44A25FC0DAA004C4A91 /* CameraViewController.swift in Sources */ = {isa = PBXBuildFile; fileRef = 2BDEA44925FC0DAA004C4A91 /* CameraViewController.swift */; };
		8E7F6617B9060864F0FEA2D5 /* Pods_Parstagram.framework in Frameworks */ = {isa = PBXBuildFile; fileRef = BB64159B4D3A8E22D70AAC8B /* Pods_Parstagram.framework */; };
/* End PBXBuildFile section */

/* Begin PBXContainerItemProxy section */
		2B6F0BBD25FBF9B900F3E918 /* PBXContainerItemProxy */ = {
			isa = PBXContainerItemProxy;
			containerPortal = 2B6F0B9E25FBF9B800F3E918 /* Project object */;
			proxyType = 1;
			remoteGlobalIDString = 2B6F0BA525FBF9B800F3E918;
			remoteInfo = Parstagram;
		};
		2B6F0BC825FBF9B900F3E918 /* PBXContainerItemProxy */ = {
			isa = PBXContainerItemProxy;
			containerPortal = 2B6F0B9E25FBF9B800F3E918 /* Project object */;
			proxyType = 1;
			remoteGlobalIDString = 2B6F0BA525FBF9B800F3E918;
			remoteInfo = Parstagram;
		};
/* End PBXContainerItemProxy section */

/* Begin PBXFileReference section */
		17345E54EE34DAE545F2A058 /* Pods-Parstagram.release.xcconfig */ = {isa = PBXFileReference; includeInIndex = 1; lastKnownFileType = text.xcconfig; name = "Pods-Parstagram.release.xcconfig"; path = "Target Support Files/Pods-Parstagram/Pods-Parstagram.release.xcconfig"; sourceTree = "<group>"; };
		2B6F0BA625FBF9B800F3E918 /* Parstagram.app */ = {isa = PBXFileReference; explicitFileType = wrapper.application; includeInIndex = 0; path = Parstagram.app; sourceTree = BUILT_PRODUCTS_DIR; };
		2B6F0BA925FBF9B800F3E918 /* AppDelegate.swift */ = {isa = PBXFileReference; lastKnownFileType = sourcecode.swift; path = AppDelegate.swift; sourceTree = "<group>"; };
		2B6F0BAB25FBF9B800F3E918 /* SceneDelegate.swift */ = {isa = PBXFileReference; lastKnownFileType = sourcecode.swift; path = SceneDelegate.swift; sourceTree = "<group>"; };
		2B6F0BB025FBF9B800F3E918 /* Base */ = {isa = PBXFileReference; lastKnownFileType = file.storyboard; name = Base; path = Base.lproj/Main.storyboard; sourceTree = "<group>"; };
		2B6F0BB225FBF9B900F3E918 /* Assets.xcassets */ = {isa = PBXFileReference; lastKnownFileType = folder.assetcatalog; path = Assets.xcassets; sourceTree = "<group>"; };
		2B6F0BB525FBF9B900F3E918 /* Base */ = {isa = PBXFileReference; lastKnownFileType = file.storyboard; name = Base; path = Base.lproj/LaunchScreen.storyboard; sourceTree = "<group>"; };
		2B6F0BB725FBF9B900F3E918 /* Info.plist */ = {isa = PBXFileReference; lastKnownFileType = text.plist.xml; path = Info.plist; sourceTree = "<group>"; };
		2B6F0BBC25FBF9B900F3E918 /* ParstagramTests.xctest */ = {isa = PBXFileReference; explicitFileType = wrapper.cfbundle; includeInIndex = 0; path = ParstagramTests.xctest; sourceTree = BUILT_PRODUCTS_DIR; };
		2B6F0BC025FBF9B900F3E918 /* ParstagramTests.swift */ = {isa = PBXFileReference; lastKnownFileType = sourcecode.swift; path = ParstagramTests.swift; sourceTree = "<group>"; };
		2B6F0BC225FBF9B900F3E918 /* Info.plist */ = {isa = PBXFileReference; lastKnownFileType = text.plist.xml; path = Info.plist; sourceTree = "<group>"; };
		2B6F0BC725FBF9B900F3E918 /* ParstagramUITests.xctest */ = {isa = PBXFileReference; explicitFileType = wrapper.cfbundle; includeInIndex = 0; path = ParstagramUITests.xctest; sourceTree = BUILT_PRODUCTS_DIR; };
		2B6F0BCB25FBF9B900F3E918 /* ParstagramUITests.swift */ = {isa = PBXFileReference; lastKnownFileType = sourcecode.swift; path = ParstagramUITests.swift; sourceTree = "<group>"; };
		2B6F0BCD25FBF9B900F3E918 /* Info.plist */ = {isa = PBXFileReference; lastKnownFileType = text.plist.xml; path = Info.plist; sourceTree = "<group>"; };
		2B96EF0925FC3873005A176D /* PostCell.swift */ = {isa = PBXFileReference; lastKnownFileType = sourcecode.swift; path = PostCell.swift; sourceTree = "<group>"; };
		2BDEA43F25FBFE9C004C4A91 /* LoginViewController.swift */ = {isa = PBXFileReference; lastKnownFileType = sourcecode.swift; path = LoginViewController.swift; sourceTree = "<group>"; };
		2BDEA44425FBFEA7004C4A91 /* FeedViewController.swift */ = {isa = PBXFileReference; lastKnownFileType = sourcecode.swift; path = FeedViewController.swift; sourceTree = "<group>"; };
		2BDEA44925FC0DAA004C4A91 /* CameraViewController.swift */ = {isa = PBXFileReference; lastKnownFileType = sourcecode.swift; path = CameraViewController.swift; sourceTree = "<group>"; };
		2F63275F2E60A7B578C2ABBD /* Pods-Parstagram.debug.xcconfig */ = {isa = PBXFileReference; includeInIndex = 1; lastKnownFileType = text.xcconfig; name = "Pods-Parstagram.debug.xcconfig"; path = "Target Support Files/Pods-Parstagram/Pods-Parstagram.debug.xcconfig"; sourceTree = "<group>"; };
		BB64159B4D3A8E22D70AAC8B /* Pods_Parstagram.framework */ = {isa = PBXFileReference; explicitFileType = wrapper.framework; includeInIndex = 0; path = Pods_Parstagram.framework; sourceTree = BUILT_PRODUCTS_DIR; };
/* End PBXFileReference section */

/* Begin PBXFrameworksBuildPhase section */
		2B6F0BA325FBF9B800F3E918 /* Frameworks */ = {
			isa = PBXFrameworksBuildPhase;
			buildActionMask = 2147483647;
			files = (
				8E7F6617B9060864F0FEA2D5 /* Pods_Parstagram.framework in Frameworks */,
			);
			runOnlyForDeploymentPostprocessing = 0;
		};
		2B6F0BB925FBF9B900F3E918 /* Frameworks */ = {
			isa = PBXFrameworksBuildPhase;
			buildActionMask = 2147483647;
			files = (
			);
			runOnlyForDeploymentPostprocessing = 0;
		};
		2B6F0BC425FBF9B900F3E918 /* Frameworks */ = {
			isa = PBXFrameworksBuildPhase;
			buildActionMask = 2147483647;
			files = (
			);
			runOnlyForDeploymentPostprocessing = 0;
		};
/* End PBXFrameworksBuildPhase section */

/* Begin PBXGroup section */
		2B6F0B9D25FBF9B800F3E918 = {
			isa = PBXGroup;
			children = (
				2B6F0BA825FBF9B800F3E918 /* Parstagram */,
				2B6F0BBF25FBF9B900F3E918 /* ParstagramTests */,
				2B6F0BCA25FBF9B900F3E918 /* ParstagramUITests */,
				2B6F0BA725FBF9B800F3E918 /* Products */,
				2D492AC26D40A1F51797CEC0 /* Pods */,
				7C154D5DDEF05FCCA95565D4 /* Frameworks */,
			);
			sourceTree = "<group>";
		};
		2B6F0BA725FBF9B800F3E918 /* Products */ = {
			isa = PBXGroup;
			children = (
				2B6F0BA625FBF9B800F3E918 /* Parstagram.app */,
				2B6F0BBC25FBF9B900F3E918 /* ParstagramTests.xctest */,
				2B6F0BC725FBF9B900F3E918 /* ParstagramUITests.xctest */,
			);
			name = Products;
			sourceTree = "<group>";
		};
		2B6F0BA825FBF9B800F3E918 /* Parstagram */ = {
			isa = PBXGroup;
			children = (
				2B6F0BA925FBF9B800F3E918 /* AppDelegate.swift */,
				2B6F0BAB25FBF9B800F3E918 /* SceneDelegate.swift */,
				2B6F0BAF25FBF9B800F3E918 /* Main.storyboard */,
				2B6F0BB225FBF9B900F3E918 /* Assets.xcassets */,
				2B6F0BB425FBF9B900F3E918 /* LaunchScreen.storyboard */,
				2B6F0BB725FBF9B900F3E918 /* Info.plist */,
				2BDEA43F25FBFE9C004C4A91 /* LoginViewController.swift */,
				2BDEA44425FBFEA7004C4A91 /* FeedViewController.swift */,
				2BDEA44925FC0DAA004C4A91 /* CameraViewController.swift */,
				2B96EF0925FC3873005A176D /* PostCell.swift */,
			);
			path = Parstagram;
			sourceTree = "<group>";
		};
		2B6F0BBF25FBF9B900F3E918 /* ParstagramTests */ = {
			isa = PBXGroup;
			children = (
				2B6F0BC025FBF9B900F3E918 /* ParstagramTests.swift */,
				2B6F0BC225FBF9B900F3E918 /* Info.plist */,
			);
			path = ParstagramTests;
			sourceTree = "<group>";
		};
		2B6F0BCA25FBF9B900F3E918 /* ParstagramUITests */ = {
			isa = PBXGroup;
			children = (
				2B6F0BCB25FBF9B900F3E918 /* ParstagramUITests.swift */,
				2B6F0BCD25FBF9B900F3E918 /* Info.plist */,
			);
			path = ParstagramUITests;
			sourceTree = "<group>";
		};
		2D492AC26D40A1F51797CEC0 /* Pods */ = {
			isa = PBXGroup;
			children = (
				2F63275F2E60A7B578C2ABBD /* Pods-Parstagram.debug.xcconfig */,
				17345E54EE34DAE545F2A058 /* Pods-Parstagram.release.xcconfig */,
			);
			path = Pods;
			sourceTree = "<group>";
		};
		7C154D5DDEF05FCCA95565D4 /* Frameworks */ = {
			isa = PBXGroup;
			children = (
				BB64159B4D3A8E22D70AAC8B /* Pods_Parstagram.framework */,
			);
			name = Frameworks;
			sourceTree = "<group>";
		};
/* End PBXGroup section */

/* Begin PBXNativeTarget section */
		2B6F0BA525FBF9B800F3E918 /* Parstagram */ = {
			isa = PBXNativeTarget;
			buildConfigurationList = 2B6F0BD025FBF9B900F3E918 /* Build configuration list for PBXNativeTarget "Parstagram" */;
			buildPhases = (
				350378BA3335618FFFD4EFA9 /* [CP] Check Pods Manifest.lock */,
				2B6F0BA225FBF9B800F3E918 /* Sources */,
				2B6F0BA325FBF9B800F3E918 /* Frameworks */,
				2B6F0BA425FBF9B800F3E918 /* Resources */,
				0754A4BA84465247F8706F60 /* [CP] Embed Pods Frameworks */,
			);
			buildRules = (
			);
			dependencies = (
			);
			name = Parstagram;
			productName = Parstagram;
			productReference = 2B6F0BA625FBF9B800F3E918 /* Parstagram.app */;
			productType = "com.apple.product-type.application";
		};
		2B6F0BBB25FBF9B900F3E918 /* ParstagramTests */ = {
			isa = PBXNativeTarget;
			buildConfigurationList = 2B6F0BD325FBF9B900F3E918 /* Build configuration list for PBXNativeTarget "ParstagramTests" */;
			buildPhases = (
				2B6F0BB825FBF9B900F3E918 /* Sources */,
				2B6F0BB925FBF9B900F3E918 /* Frameworks */,
				2B6F0BBA25FBF9B900F3E918 /* Resources */,
			);
			buildRules = (
			);
			dependencies = (
				2B6F0BBE25FBF9B900F3E918 /* PBXTargetDependency */,
			);
			name = ParstagramTests;
			productName = ParstagramTests;
			productReference = 2B6F0BBC25FBF9B900F3E918 /* ParstagramTests.xctest */;
			productType = "com.apple.product-type.bundle.unit-test";
		};
		2B6F0BC625FBF9B900F3E918 /* ParstagramUITests */ = {
			isa = PBXNativeTarget;
			buildConfigurationList = 2B6F0BD625FBF9B900F3E918 /* Build configuration list for PBXNativeTarget "ParstagramUITests" */;
			buildPhases = (
				2B6F0BC325FBF9B900F3E918 /* Sources */,
				2B6F0BC425FBF9B900F3E918 /* Frameworks */,
				2B6F0BC525FBF9B900F3E918 /* Resources */,
			);
			buildRules = (
			);
			dependencies = (
				2B6F0BC925FBF9B900F3E918 /* PBXTargetDependency */,
			);
			name = ParstagramUITests;
			productName = ParstagramUITests;
			productReference = 2B6F0BC725FBF9B900F3E918 /* ParstagramUITests.xctest */;
			productType = "com.apple.product-type.bundle.ui-testing";
		};
/* End PBXNativeTarget section */

/* Begin PBXProject section */
		2B6F0B9E25FBF9B800F3E918 /* Project object */ = {
			isa = PBXProject;
			attributes = {
				LastSwiftUpdateCheck = 1240;
				LastUpgradeCheck = 1240;
				TargetAttributes = {
					2B6F0BA525FBF9B800F3E918 = {
						CreatedOnToolsVersion = 12.4;
					};
					2B6F0BBB25FBF9B900F3E918 = {
						CreatedOnToolsVersion = 12.4;
						TestTargetID = 2B6F0BA525FBF9B800F3E918;
					};
					2B6F0BC625FBF9B900F3E918 = {
						CreatedOnToolsVersion = 12.4;
						TestTargetID = 2B6F0BA525FBF9B800F3E918;
					};
				};
			};
			buildConfigurationList = 2B6F0BA125FBF9B800F3E918 /* Build configuration list for PBXProject "Parstagram" */;
			compatibilityVersion = "Xcode 9.3";
			developmentRegion = en;
			hasScannedForEncodings = 0;
			knownRegions = (
				en,
				Base,
			);
			mainGroup = 2B6F0B9D25FBF9B800F3E918;
			productRefGroup = 2B6F0BA725FBF9B800F3E918 /* Products */;
			projectDirPath = "";
			projectRoot = "";
			targets = (
				2B6F0BA525FBF9B800F3E918 /* Parstagram */,
				2B6F0BBB25FBF9B900F3E918 /* ParstagramTests */,
				2B6F0BC625FBF9B900F3E918 /* ParstagramUITests */,
			);
		};
/* End PBXProject section */

/* Begin PBXResourcesBuildPhase section */
		2B6F0BA425FBF9B800F3E918 /* Resources */ = {
			isa = PBXResourcesBuildPhase;
			buildActionMask = 2147483647;
			files = (
				2B6F0BB625FBF9B900F3E918 /* LaunchScreen.storyboard in Resources */,
				2B6F0BB325FBF9B900F3E918 /* Assets.xcassets in Resources */,
				2B6F0BB125FBF9B800F3E918 /* Main.storyboard in Resources */,
			);
			runOnlyForDeploymentPostprocessing = 0;
		};
		2B6F0BBA25FBF9B900F3E918 /* Resources */ = {
			isa = PBXResourcesBuildPhase;
			buildActionMask = 2147483647;
			files = (
			);
			runOnlyForDeploymentPostprocessing = 0;
		};
		2B6F0BC525FBF9B900F3E918 /* Resources */ = {
			isa = PBXResourcesBuildPhase;
			buildActionMask = 2147483647;
			files = (
			);
			runOnlyForDeploymentPostprocessing = 0;
		};
/* End PBXResourcesBuildPhase section */

/* Begin PBXShellScriptBuildPhase section */
		0754A4BA84465247F8706F60 /* [CP] Embed Pods Frameworks */ = {
			isa = PBXShellScriptBuildPhase;
			buildActionMask = 2147483647;
			files = (
			);
			inputFileListPaths = (
				"${PODS_ROOT}/Target Support Files/Pods-Parstagram/Pods-Parstagram-frameworks-${CONFIGURATION}-input-files.xcfilelist",
			);
			name = "[CP] Embed Pods Frameworks";
			outputFileListPaths = (
				"${PODS_ROOT}/Target Support Files/Pods-Parstagram/Pods-Parstagram-frameworks-${CONFIGURATION}-output-files.xcfilelist",
			);
			runOnlyForDeploymentPostprocessing = 0;
			shellPath = /bin/sh;
			shellScript = "\"${PODS_ROOT}/Target Support Files/Pods-Parstagram/Pods-Parstagram-frameworks.sh\"\n";
			showEnvVarsInLog = 0;
		};
		350378BA3335618FFFD4EFA9 /* [CP] Check Pods Manifest.lock */ = {
			isa = PBXShellScriptBuildPhase;
			buildActionMask = 2147483647;
			files = (
			);
			inputFileListPaths = (
			);
			inputPaths = (
				"${PODS_PODFILE_DIR_PATH}/Podfile.lock",
				"${PODS_ROOT}/Manifest.lock",
			);
			name = "[CP] Check Pods Manifest.lock";
			outputFileListPaths = (
			);
			outputPaths = (
				"$(DERIVED_FILE_DIR)/Pods-Parstagram-checkManifestLockResult.txt",
			);
			runOnlyForDeploymentPostprocessing = 0;
			shellPath = /bin/sh;
			shellScript = "diff \"${PODS_PODFILE_DIR_PATH}/Podfile.lock\" \"${PODS_ROOT}/Manifest.lock\" > /dev/null\nif [ $? != 0 ] ; then\n    # print error to STDERR\n    echo \"error: The sandbox is not in sync with the Podfile.lock. Run 'pod install' or update your CocoaPods installation.\" >&2\n    exit 1\nfi\n# This output is used by Xcode 'outputs' to avoid re-running this script phase.\necho \"SUCCESS\" > \"${SCRIPT_OUTPUT_FILE_0}\"\n";
			showEnvVarsInLog = 0;
		};
/* End PBXShellScriptBuildPhase section */

/* Begin PBXSourcesBuildPhase section */
		2B6F0BA225FBF9B800F3E918 /* Sources */ = {
			isa = PBXSourcesBuildPhase;
			buildActionMask = 2147483647;
			files = (
				2BDEA44025FBFE9C004C4A91 /* LoginViewController.swift in Sources */,
				2BDEA44A25FC0DAA004C4A91 /* CameraViewController.swift in Sources */,
				2B6F0BAA25FBF9B800F3E918 /* AppDelegate.swift in Sources */,
				2BDEA44525FBFEA7004C4A91 /* FeedViewController.swift in Sources */,
				2B6F0BAC25FBF9B800F3E918 /* SceneDelegate.swift in Sources */,
				2B96EF0A25FC3873005A176D /* PostCell.swift in Sources */,
			);
			runOnlyForDeploymentPostprocessing = 0;
		};
		2B6F0BB825FBF9B900F3E918 /* Sources */ = {
			isa = PBXSourcesBuildPhase;
			buildActionMask = 2147483647;
			files = (
				2B6F0BC125FBF9B900F3E918 /* ParstagramTests.swift in Sources */,
			);
			runOnlyForDeploymentPostprocessing = 0;
		};
		2B6F0BC325FBF9B900F3E918 /* Sources */ = {
			isa = PBXSourcesBuildPhase;
			buildActionMask = 2147483647;
			files = (
				2B6F0BCC25FBF9B900F3E918 /* ParstagramUITests.swift in Sources */,
			);
			runOnlyForDeploymentPostprocessing = 0;
		};
/* End PBXSourcesBuildPhase section */

/* Begin PBXTargetDependency section */
		2B6F0BBE25FBF9B900F3E918 /* PBXTargetDependency */ = {
			isa = PBXTargetDependency;
			target = 2B6F0BA525FBF9B800F3E918 /* Parstagram */;
			targetProxy = 2B6F0BBD25FBF9B900F3E918 /* PBXContainerItemProxy */;
		};
		2B6F0BC925FBF9B900F3E918 /* PBXTargetDependency */ = {
			isa = PBXTargetDependency;
			target = 2B6F0BA525FBF9B800F3E918 /* Parstagram */;
			targetProxy = 2B6F0BC825FBF9B900F3E918 /* PBXContainerItemProxy */;
		};
/* End PBXTargetDependency section */

/* Begin PBXVariantGroup section */
		2B6F0BAF25FBF9B800F3E918 /* Main.storyboard */ = {
			isa = PBXVariantGroup;
			children = (
				2B6F0BB025FBF9B800F3E918 /* Base */,
			);
			name = Main.storyboard;
			sourceTree = "<group>";
		};
		2B6F0BB425FBF9B900F3E918 /* LaunchScreen.storyboard */ = {
			isa = PBXVariantGroup;
			children = (
				2B6F0BB525FBF9B900F3E918 /* Base */,
			);
			name = LaunchScreen.storyboard;
			sourceTree = "<group>";
		};
/* End PBXVariantGroup section */

/* Begin XCBuildConfiguration section */
		2B6F0BCE25FBF9B900F3E918 /* Debug */ = {
			isa = XCBuildConfiguration;
			buildSettings = {
				ALWAYS_SEARCH_USER_PATHS = NO;
				CLANG_ANALYZER_NONNULL = YES;
				CLANG_ANALYZER_NUMBER_OBJECT_CONVERSION = YES_AGGRESSIVE;
				CLANG_CXX_LANGUAGE_STANDARD = "gnu++14";
				CLANG_CXX_LIBRARY = "libc++";
				CLANG_ENABLE_MODULES = YES;
				CLANG_ENABLE_OBJC_ARC = YES;
				CLANG_ENABLE_OBJC_WEAK = YES;
				CLANG_WARN_BLOCK_CAPTURE_AUTORELEASING = YES;
				CLANG_WARN_BOOL_CONVERSION = YES;
				CLANG_WARN_COMMA = YES;
				CLANG_WARN_CONSTANT_CONVERSION = YES;
				CLANG_WARN_DEPRECATED_OBJC_IMPLEMENTATIONS = YES;
				CLANG_WARN_DIRECT_OBJC_ISA_USAGE = YES_ERROR;
				CLANG_WARN_DOCUMENTATION_COMMENTS = YES;
				CLANG_WARN_EMPTY_BODY = YES;
				CLANG_WARN_ENUM_CONVERSION = YES;
				CLANG_WARN_INFINITE_RECURSION = YES;
				CLANG_WARN_INT_CONVERSION = YES;
				CLANG_WARN_NON_LITERAL_NULL_CONVERSION = YES;
				CLANG_WARN_OBJC_IMPLICIT_RETAIN_SELF = YES;
				CLANG_WARN_OBJC_LITERAL_CONVERSION = YES;
				CLANG_WARN_OBJC_ROOT_CLASS = YES_ERROR;
				CLANG_WARN_QUOTED_INCLUDE_IN_FRAMEWORK_HEADER = YES;
				CLANG_WARN_RANGE_LOOP_ANALYSIS = YES;
				CLANG_WARN_STRICT_PROTOTYPES = YES;
				CLANG_WARN_SUSPICIOUS_MOVE = YES;
				CLANG_WARN_UNGUARDED_AVAILABILITY = YES_AGGRESSIVE;
				CLANG_WARN_UNREACHABLE_CODE = YES;
				CLANG_WARN__DUPLICATE_METHOD_MATCH = YES;
				COPY_PHASE_STRIP = NO;
				DEBUG_INFORMATION_FORMAT = dwarf;
				ENABLE_STRICT_OBJC_MSGSEND = YES;
				ENABLE_TESTABILITY = YES;
				GCC_C_LANGUAGE_STANDARD = gnu11;
				GCC_DYNAMIC_NO_PIC = NO;
				GCC_NO_COMMON_BLOCKS = YES;
				GCC_OPTIMIZATION_LEVEL = 0;
				GCC_PREPROCESSOR_DEFINITIONS = (
					"DEBUG=1",
					"$(inherited)",
				);
				GCC_WARN_64_TO_32_BIT_CONVERSION = YES;
				GCC_WARN_ABOUT_RETURN_TYPE = YES_ERROR;
				GCC_WARN_UNDECLARED_SELECTOR = YES;
				GCC_WARN_UNINITIALIZED_AUTOS = YES_AGGRESSIVE;
				GCC_WARN_UNUSED_FUNCTION = YES;
				GCC_WARN_UNUSED_VARIABLE = YES;
				IPHONEOS_DEPLOYMENT_TARGET = 14.4;
				MTL_ENABLE_DEBUG_INFO = INCLUDE_SOURCE;
				MTL_FAST_MATH = YES;
				ONLY_ACTIVE_ARCH = YES;
				SDKROOT = iphoneos;
				SWIFT_ACTIVE_COMPILATION_CONDITIONS = DEBUG;
				SWIFT_OPTIMIZATION_LEVEL = "-Onone";
			};
			name = Debug;
		};
		2B6F0BCF25FBF9B900F3E918 /* Release */ = {
			isa = XCBuildConfiguration;
			buildSettings = {
				ALWAYS_SEARCH_USER_PATHS = NO;
				CLANG_ANALYZER_NONNULL = YES;
				CLANG_ANALYZER_NUMBER_OBJECT_CONVERSION = YES_AGGRESSIVE;
				CLANG_CXX_LANGUAGE_STANDARD = "gnu++14";
				CLANG_CXX_LIBRARY = "libc++";
				CLANG_ENABLE_MODULES = YES;
				CLANG_ENABLE_OBJC_ARC = YES;
				CLANG_ENABLE_OBJC_WEAK = YES;
				CLANG_WARN_BLOCK_CAPTURE_AUTORELEASING = YES;
				CLANG_WARN_BOOL_CONVERSION = YES;
				CLANG_WARN_COMMA = YES;
				CLANG_WARN_CONSTANT_CONVERSION = YES;
				CLANG_WARN_DEPRECATED_OBJC_IMPLEMENTATIONS = YES;
				CLANG_WARN_DIRECT_OBJC_ISA_USAGE = YES_ERROR;
				CLANG_WARN_DOCUMENTATION_COMMENTS = YES;
				CLANG_WARN_EMPTY_BODY = YES;
				CLANG_WARN_ENUM_CONVERSION = YES;
				CLANG_WARN_INFINITE_RECURSION = YES;
				CLANG_WARN_INT_CONVERSION = YES;
				CLANG_WARN_NON_LITERAL_NULL_CONVERSION = YES;
				CLANG_WARN_OBJC_IMPLICIT_RETAIN_SELF = YES;
				CLANG_WARN_OBJC_LITERAL_CONVERSION = YES;
				CLANG_WARN_OBJC_ROOT_CLASS = YES_ERROR;
				CLANG_WARN_QUOTED_INCLUDE_IN_FRAMEWORK_HEADER = YES;
				CLANG_WARN_RANGE_LOOP_ANALYSIS = YES;
				CLANG_WARN_STRICT_PROTOTYPES = YES;
				CLANG_WARN_SUSPICIOUS_MOVE = YES;
				CLANG_WARN_UNGUARDED_AVAILABILITY = YES_AGGRESSIVE;
				CLANG_WARN_UNREACHABLE_CODE = YES;
				CLANG_WARN__DUPLICATE_METHOD_MATCH = YES;
				COPY_PHASE_STRIP = NO;
				DEBUG_INFORMATION_FORMAT = "dwarf-with-dsym";
				ENABLE_NS_ASSERTIONS = NO;
				ENABLE_STRICT_OBJC_MSGSEND = YES;
				GCC_C_LANGUAGE_STANDARD = gnu11;
				GCC_NO_COMMON_BLOCKS = YES;
				GCC_WARN_64_TO_32_BIT_CONVERSION = YES;
				GCC_WARN_ABOUT_RETURN_TYPE = YES_ERROR;
				GCC_WARN_UNDECLARED_SELECTOR = YES;
				GCC_WARN_UNINITIALIZED_AUTOS = YES_AGGRESSIVE;
				GCC_WARN_UNUSED_FUNCTION = YES;
				GCC_WARN_UNUSED_VARIABLE = YES;
				IPHONEOS_DEPLOYMENT_TARGET = 14.4;
				MTL_ENABLE_DEBUG_INFO = NO;
				MTL_FAST_MATH = YES;
				SDKROOT = iphoneos;
				SWIFT_COMPILATION_MODE = wholemodule;
				SWIFT_OPTIMIZATION_LEVEL = "-O";
				VALIDATE_PRODUCT = YES;
			};
			name = Release;
		};
		2B6F0BD125FBF9B900F3E918 /* Debug */ = {
			isa = XCBuildConfiguration;
			baseConfigurationReference = 2F63275F2E60A7B578C2ABBD /* Pods-Parstagram.debug.xcconfig */;
			buildSettings = {
				ASSETCATALOG_COMPILER_APPICON_NAME = AppIcon;
				ASSETCATALOG_COMPILER_GLOBAL_ACCENT_COLOR_NAME = AccentColor;
				CODE_SIGN_STYLE = Automatic;
				DEVELOPMENT_TEAM = 3HV2NV35JQ;
				INFOPLIST_FILE = Parstagram/Info.plist;
				LD_RUNPATH_SEARCH_PATHS = (
					"$(inherited)",
					"@executable_path/Frameworks",
				);
				PRODUCT_BUNDLE_IDENTIFIER = "Shi-Tao-Luo.Parstagram";
				PRODUCT_NAME = "$(TARGET_NAME)";
				SWIFT_VERSION = 5.0;
				TARGETED_DEVICE_FAMILY = "1,2";
			};
			name = Debug;
		};
		2B6F0BD225FBF9B900F3E918 /* Release */ = {
			isa = XCBuildConfiguration;
			baseConfigurationReference = 17345E54EE34DAE545F2A058 /* Pods-Parstagram.release.xcconfig */;
			buildSettings = {
				ASSETCATALOG_COMPILER_APPICON_NAME = AppIcon;
				ASSETCATALOG_COMPILER_GLOBAL_ACCENT_COLOR_NAME = AccentColor;
				CODE_SIGN_STYLE = Automatic;
				DEVELOPMENT_TEAM = 3HV2NV35JQ;
				INFOPLIST_FILE = Parstagram/Info.plist;
				LD_RUNPATH_SEARCH_PATHS = (
					"$(inherited)",
					"@executable_path/Frameworks",
				);
				PRODUCT_BUNDLE_IDENTIFIER = "Shi-Tao-Luo.Parstagram";
				PRODUCT_NAME = "$(TARGET_NAME)";
				SWIFT_VERSION = 5.0;
				TARGETED_DEVICE_FAMILY = "1,2";
			};
			name = Release;
		};
		2B6F0BD425FBF9B900F3E918 /* Debug */ = {
			isa = XCBuildConfiguration;
			buildSettings = {
				ALWAYS_EMBED_SWIFT_STANDARD_LIBRARIES = YES;
				BUNDLE_LOADER = "$(TEST_HOST)";
				CODE_SIGN_STYLE = Automatic;
				DEVELOPMENT_TEAM = 3HV2NV35JQ;
				INFOPLIST_FILE = ParstagramTests/Info.plist;
				IPHONEOS_DEPLOYMENT_TARGET = 14.4;
				LD_RUNPATH_SEARCH_PATHS = (
					"$(inherited)",
					"@executable_path/Frameworks",
					"@loader_path/Frameworks",
				);
				PRODUCT_BUNDLE_IDENTIFIER = "Shi-Tao-Luo.ParstagramTests";
				PRODUCT_NAME = "$(TARGET_NAME)";
				SWIFT_VERSION = 5.0;
				TARGETED_DEVICE_FAMILY = "1,2";
				TEST_HOST = "$(BUILT_PRODUCTS_DIR)/Parstagram.app/Parstagram";
			};
			name = Debug;
		};
		2B6F0BD525FBF9B900F3E918 /* Release */ = {
			isa = XCBuildConfiguration;
			buildSettings = {
				ALWAYS_EMBED_SWIFT_STANDARD_LIBRARIES = YES;
				BUNDLE_LOADER = "$(TEST_HOST)";
				CODE_SIGN_STYLE = Automatic;
				DEVELOPMENT_TEAM = 3HV2NV35JQ;
				INFOPLIST_FILE = ParstagramTests/Info.plist;
				IPHONEOS_DEPLOYMENT_TARGET = 14.4;
				LD_RUNPATH_SEARCH_PATHS = (
					"$(inherited)",
					"@executable_path/Frameworks",
					"@loader_path/Frameworks",
				);
				PRODUCT_BUNDLE_IDENTIFIER = "Shi-Tao-Luo.ParstagramTests";
				PRODUCT_NAME = "$(TARGET_NAME)";
				SWIFT_VERSION = 5.0;
				TARGETED_DEVICE_FAMILY = "1,2";
				TEST_HOST = "$(BUILT_PRODUCTS_DIR)/Parstagram.app/Parstagram";
			};
			name = Release;
		};
		2B6F0BD725FBF9B900F3E918 /* Debug */ = {
			isa = XCBuildConfiguration;
			buildSettings = {
				ALWAYS_EMBED_SWIFT_STANDARD_LIBRARIES = YES;
				CODE_SIGN_STYLE = Automatic;
				DEVELOPMENT_TEAM = 3HV2NV35JQ;
				INFOPLIST_FILE = ParstagramUITests/Info.plist;
				LD_RUNPATH_SEARCH_PATHS = (
					"$(inherited)",
					"@executable_path/Frameworks",
					"@loader_path/Frameworks",
				);
				PRODUCT_BUNDLE_IDENTIFIER = "Shi-Tao-Luo.ParstagramUITests";
				PRODUCT_NAME = "$(TARGET_NAME)";
				SWIFT_VERSION = 5.0;
				TARGETED_DEVICE_FAMILY = "1,2";
				TEST_TARGET_NAME = Parstagram;
			};
			name = Debug;
		};
		2B6F0BD825FBF9B900F3E918 /* Release */ = {
			isa = XCBuildConfiguration;
			buildSettings = {
				ALWAYS_EMBED_SWIFT_STANDARD_LIBRARIES = YES;
				CODE_SIGN_STYLE = Automatic;
				DEVELOPMENT_TEAM = 3HV2NV35JQ;
				INFOPLIST_FILE = ParstagramUITests/Info.plist;
				LD_RUNPATH_SEARCH_PATHS = (
					"$(inherited)",
					"@executable_path/Frameworks",
					"@loader_path/Frameworks",
				);
				PRODUCT_BUNDLE_IDENTIFIER = "Shi-Tao-Luo.ParstagramUITests";
				PRODUCT_NAME = "$(TARGET_NAME)";
				SWIFT_VERSION = 5.0;
				TARGETED_DEVICE_FAMILY = "1,2";
				TEST_TARGET_NAME = Parstagram;
			};
			name = Release;
		};
/* End XCBuildConfiguration section */

/* Begin XCConfigurationList section */
		2B6F0BA125FBF9B800F3E918 /* Build configuration list for PBXProject "Parstagram" */ = {
			isa = XCConfigurationList;
			buildConfigurations = (
				2B6F0BCE25FBF9B900F3E918 /* Debug */,
				2B6F0BCF25FBF9B900F3E918 /* Release */,
			);
			defaultConfigurationIsVisible = 0;
			defaultConfigurationName = Release;
		};
		2B6F0BD025FBF9B900F3E918 /* Build configuration list for PBXNativeTarget "Parstagram" */ = {
			isa = XCConfigurationList;
			buildConfigurations = (
				2B6F0BD125FBF9B900F3E918 /* Debug */,
				2B6F0BD225FBF9B900F3E918 /* Release */,
			);
			defaultConfigurationIsVisible = 0;
			defaultConfigurationName = Release;
		};
		2B6F0BD325FBF9B900F3E918 /* Build configuration list for PBXNativeTarget "ParstagramTests" */ = {
			isa = XCConfigurationList;
			buildConfigurations = (
				2B6F0BD425FBF9B900F3E918 /* Debug */,
				2B6F0BD525FBF9B900F3E918 /* Release */,
			);
			defaultConfigurationIsVisible = 0;
			defaultConfigurationName = Release;
		};
		2B6F0BD625FBF9B900F3E918 /* Build configuration list for PBXNativeTarget "ParstagramUITests" */ = {
			isa = XCConfigurationList;
			buildConfigurations = (
				2B6F0BD725FBF9B900F3E918 /* Debug */,
				2B6F0BD825FBF9B900F3E918 /* Release */,
			);
			defaultConfigurationIsVisible = 0;
			defaultConfigurationName = Release;
		};
/* End XCConfigurationList section */
	};
	rootObject = 2B6F0B9E25FBF9B800F3E918 /* Project object */;
}
